
Microsoft Visual Studio Solution File, Format Version 12.00
# Visual Studio Version 17
VisualStudioVersion = 17.3.32819.101
MinimumVisualStudioVersion = 10.0.40219.1
Project("{FAE04EC0-301F-11D3-BF4B-00C04F79EFBC}") = "CalculadoraSueldoNeto", "CalculadoraSueldoNeto\CalculadoraSueldoNeto.csproj", "{47A167FB-BA4A-48CD-A051-E47A902766D5}"
EndProject
Global
	GlobalSection(SolutionConfigurationPlatforms) = preSolution
		Debug|Any CPU = Debug|Any CPU
		Release|Any CPU = Release|Any CPU
	EndGlobalSection
	GlobalSection(ProjectConfigurationPlatforms) = postSolution
		{47A167FB-BA4A-48CD-A051-E47A902766D5}.Debug|Any CPU.ActiveCfg = Debug|Any CPU
		{47A167FB-BA4A-48CD-A051-E47A902766D5}.Debug|Any CPU.Build.0 = Debug|Any CPU
		{47A167FB-BA4A-48CD-A051-E47A902766D5}.Release|Any CPU.ActiveCfg = Release|Any CPU
		{47A167FB-BA4A-48CD-A051-E47A902766D5}.Release|Any CPU.Build.0 = Release|Any CPU
	EndGlobalSection
	GlobalSection(SolutionProperties) = preSolution
		HideSolutionNode = FALSE
	EndGlobalSection
	GlobalSection(ExtensibilityGlobals) = postSolution
		SolutionGuid = {EA1AFCE5-0861-4A28-846B-A097E4EA24F5}
	EndGlobalSection
EndGlobal
